
Microsoft Visual Studio Solution File, Format Version 12.00
# Visual Studio Version 16
VisualStudioVersion = 16.0.30128.74
MinimumVisualStudioVersion = 10.0.40219.1
Project("{FAE04EC0-301F-11D3-BF4B-00C04F79EFBC}") = "TestaUN", "TestaUN\TestaUN.csproj", "{52D2CB90-960E-49B1-87C5-C89D03DA349E}"
EndProject
Global
	GlobalSection(SolutionConfigurationPlatforms) = preSolution
		Debug|Any CPU = Debug|Any CPU
		Release|Any CPU = Release|Any CPU
	EndGlobalSection
	GlobalSection(ProjectConfigurationPlatforms) = postSolution
		{52D2CB90-960E-49B1-87C5-C89D03DA349E}.Debug|Any CPU.ActiveCfg = Debug|Any CPU
		{52D2CB90-960E-49B1-87C5-C89D03DA349E}.Debug|Any CPU.Build.0 = Debug|Any CPU
		{52D2CB90-960E-49B1-87C5-C89D03DA349E}.Release|Any CPU.ActiveCfg = Release|Any CPU
		{52D2CB90-960E-49B1-87C5-C89D03DA349E}.Release|Any CPU.Build.0 = Release|Any CPU
	EndGlobalSection
	GlobalSection(SolutionProperties) = preSolution
		HideSolutionNode = FALSE
	EndGlobalSection
	GlobalSection(ExtensibilityGlobals) = postSolution
		SolutionGuid = {540E5B70-F304-4454-8CFE-592C7A85FFD6}
	EndGlobalSection
EndGlobal
